
Microsoft Visual Studio Solution File, Format Version 12.00
# Visual Studio Version 17
VisualStudioVersion = 17.11.35222.181
MinimumVisualStudioVersion = 10.0.40219.1
Project("{888888A0-9F3D-457C-B088-3A5042F75D52}") = "SpeedyTurtles_Assignment11", "SpeedyTurtles_Assignment11\SpeedyTurtles_Assignment11.pyproj", "{B18AD106-F66B-4C99-840B-D5AA301D49EC}"
EndProject
Global
	GlobalSection(SolutionConfigurationPlatforms) = preSolution
		Debug|Any CPU = Debug|Any CPU
		Release|Any CPU = Release|Any CPU
	EndGlobalSection
	GlobalSection(ProjectConfigurationPlatforms) = postSolution
		{B18AD106-F66B-4C99-840B-D5AA301D49EC}.Debug|Any CPU.ActiveCfg = Debug|Any CPU
		{B18AD106-F66B-4C99-840B-D5AA301D49EC}.Release|Any CPU.ActiveCfg = Release|Any CPU
	EndGlobalSection
	GlobalSection(SolutionProperties) = preSolution
		HideSolutionNode = FALSE
	EndGlobalSection
	GlobalSection(ExtensibilityGlobals) = postSolution
		SolutionGuid = {230927D2-8928-4ABA-9C75-AA655F1FC88C}
	EndGlobalSection
EndGlobal
